
Microsoft Visual Studio Solution File, Format Version 11.00
# Visual Studio 2010
Project("{FAE04EC0-301F-11D3-BF4B-00C04F79EFBC}") = "WindowsFormsApplication2", "WindowsFormsApplication2.csproj", "{12C1BC14-0505-47EE-B096-74E3A0747D8E}"
EndProject
Global
	GlobalSection(SolutionConfigurationPlatforms) = preSolution
		Debug|Any CPU = Debug|Any CPU
		Release|Any CPU = Release|Any CPU
	EndGlobalSection
	GlobalSection(ProjectConfigurationPlatforms) = postSolution
		{12C1BC14-0505-47EE-B096-74E3A0747D8E}.Debug|Any CPU.ActiveCfg = Debug|Any CPU
		{12C1BC14-0505-47EE-B096-74E3A0747D8E}.Debug|Any CPU.Build.0 = Debug|Any CPU
		{12C1BC14-0505-47EE-B096-74E3A0747D8E}.Release|Any CPU.ActiveCfg = Release|Any CPU
		{12C1BC14-0505-47EE-B096-74E3A0747D8E}.Release|Any CPU.Build.0 = Release|Any CPU
	EndGlobalSection
	GlobalSection(SolutionProperties) = preSolution
		HideSolutionNode = FALSE
	EndGlobalSection
EndGlobal
